{
  "name": "com.mysilentdisco.club",
  "version": "1.0.0",
  "lockfileVersion": 1,
  "requires": true,
  "dependencies": {
    "cordova-admob-plus": {
      "version": "0.42.0",
      "resolved": "https://registry.npmjs.org/cordova-admob-plus/-/cordova-admob-plus-0.42.0.tgz",
      "integrity": "sha512-QxiD0f/emt/YeDPHAZdrafJafMnWXP4n+Z5C2LSVTRy3+mduYM+QBK4PENWhVYoha4uSd4UMQFtMaVAXA04RQw==",
      "dev": true
    }
  }
}
